// !$*UTF8*$!
{
	archiveVersion = 1;
	classes = {
	};
	objectVersion = 56;
	objects = {

/* Begin PBXBuildFile section */
		3C02083A29F290C100535399 /* VDEVMediaEditor in Frameworks */ = {isa = PBXBuildFile; productRef = 3C02083929F290C100535399 /* VDEVMediaEditor */; };
		3C3AFB7D29EDCFB5008D0D46 /* MediaEditorSampleApp.swift in Sources */ = {isa = PBXBuildFile; fileRef = 3C3AFB7C29EDCFB5008D0D46 /* MediaEditorSampleApp.swift */; };
		3C3AFB7F29EDCFB5008D0D46 /* ContentView.swift in Sources */ = {isa = PBXBuildFile; fileRef = 3C3AFB7E29EDCFB5008D0D46 /* ContentView.swift */; };
		3C3AFB8129EDCFB6008D0D46 /* Assets.xcassets in Resources */ = {isa = PBXBuildFile; fileRef = 3C3AFB8029EDCFB6008D0D46 /* Assets.xcassets */; };
		3C3AFB8429EDCFB6008D0D46 /* Preview Assets.xcassets in Resources */ = {isa = PBXBuildFile; fileRef = 3C3AFB8329EDCFB6008D0D46 /* Preview Assets.xcassets */; };
		3C3AFB8C29EDD028008D0D46 /* Apollo in Frameworks */ = {isa = PBXBuildFile; productRef = 3C3AFB8B29EDD028008D0D46 /* Apollo */; };
		3C3AFB8E29EDD028008D0D46 /* ApolloAPI in Frameworks */ = {isa = PBXBuildFile; productRef = 3C3AFB8D29EDD028008D0D46 /* ApolloAPI */; };
		3C3AFBAB29EDD207008D0D46 /* NetworkClient.swift in Sources */ = {isa = PBXBuildFile; fileRef = 3C3AFB9829EDD206008D0D46 /* NetworkClient.swift */; };
		3C3AFBAC29EDD207008D0D46 /* getChallengeEditorFilter.gql in Resources */ = {isa = PBXBuildFile; fileRef = 3C3AFB9929EDD206008D0D46 /* getChallengeEditorFilter.gql */; };
		3C3AFBAD29EDD207008D0D46 /* getChallengeStickerPacksFull.gql in Resources */ = {isa = PBXBuildFile; fileRef = 3C3AFB9A29EDD206008D0D46 /* getChallengeStickerPacksFull.gql */; };
		3C3AFBAE29EDD207008D0D46 /* JSON.swift in Sources */ = {isa = PBXBuildFile; fileRef = 3C3AFB9B29EDD206008D0D46 /* JSON.swift */; };
		3C3AFBAF29EDD207008D0D46 /* getChallengeEditorTexturesFilters.gql in Resources */ = {isa = PBXBuildFile; fileRef = 3C3AFB9C29EDD206008D0D46 /* getChallengeEditorTexturesFilters.gql */; };
		3C3AFBB029EDD207008D0D46 /* getChallengeEditorTemplates.gql in Resources */ = {isa = PBXBuildFile; fileRef = 3C3AFB9D29EDD206008D0D46 /* getChallengeEditorTemplates.gql */; };
		3C3AFBB129EDD207008D0D46 /* Data+String.swift in Sources */ = {isa = PBXBuildFile; fileRef = 3C3AFB9E29EDD206008D0D46 /* Data+String.swift */; };
		3C3AFBB229EDD207008D0D46 /* getChallengeMeta.gql in Resources */ = {isa = PBXBuildFile; fileRef = 3C3AFB9F29EDD206008D0D46 /* getChallengeMeta.gql */; };
		3C3AFBB329EDD207008D0D46 /* UserCredsInterceptor.swift in Sources */ = {isa = PBXBuildFile; fileRef = 3C3AFBA029EDD206008D0D46 /* UserCredsInterceptor.swift */; };
		3C3AFBB429EDD207008D0D46 /* AppVersionInterceptor.swift in Sources */ = {isa = PBXBuildFile; fileRef = 3C3AFBA129EDD206008D0D46 /* AppVersionInterceptor.swift */; };
		3C3AFBB529EDD207008D0D46 /* Striong+Ex.swift in Sources */ = {isa = PBXBuildFile; fileRef = 3C3AFBA229EDD206008D0D46 /* Striong+Ex.swift */; };
		3C3AFBB629EDD207008D0D46 /* schema.json in Resources */ = {isa = PBXBuildFile; fileRef = 3C3AFBA329EDD207008D0D46 /* schema.json */; };
		3C3AFBB729EDD207008D0D46 /* NetworkInterceptorProvider.swift in Sources */ = {isa = PBXBuildFile; fileRef = 3C3AFBA429EDD207008D0D46 /* NetworkInterceptorProvider.swift */; };
		3C3AFBB829EDD207008D0D46 /* API.swift in Sources */ = {isa = PBXBuildFile; fileRef = 3C3AFBA529EDD207008D0D46 /* API.swift */; };
		3C3AFBB929EDD207008D0D46 /* Apollo+async.swift in Sources */ = {isa = PBXBuildFile; fileRef = 3C3AFBA629EDD207008D0D46 /* Apollo+async.swift */; };
		3C3AFBBA29EDD207008D0D46 /* getChallengeEditorMasksFilters.gql in Resources */ = {isa = PBXBuildFile; fileRef = 3C3AFBA729EDD207008D0D46 /* getChallengeEditorMasksFilters.gql */; };
		3C3AFBBB29EDD207008D0D46 /* FilePlistStorage.swift in Sources */ = {isa = PBXBuildFile; fileRef = 3C3AFBA929EDD207008D0D46 /* FilePlistStorage.swift */; };
		3C3AFBBC29EDD207008D0D46 /* NetworkAdapter.swift in Sources */ = {isa = PBXBuildFile; fileRef = 3C3AFBAA29EDD207008D0D46 /* NetworkAdapter.swift */; };
		3C9E7D672A128F2D00C110C3 /* ExampleConfig.swift in Sources */ = {isa = PBXBuildFile; fileRef = 3C9E7D662A128F2D00C110C3 /* ExampleConfig.swift */; };
		3CB00FCD29F06AFC00BC087A /* Poteha-Regular.otf in Resources */ = {isa = PBXBuildFile; fileRef = 3CB00F9529F06AFC00BC087A /* Poteha-Regular.otf */; };
		3CB00FCE29F06AFC00BC087A /* ElmaTrio-RegularItalic.ttf in Resources */ = {isa = PBXBuildFile; fileRef = 3CB00F9629F06AFC00BC087A /* ElmaTrio-RegularItalic.ttf */; };
		3CB00FCF29F06AFC00BC087A /* ElmaTrio-ExtraLightSlanted.ttf in Resources */ = {isa = PBXBuildFile; fileRef = 3CB00F9729F06AFC00BC087A /* ElmaTrio-ExtraLightSlanted.ttf */; };
		3CB00FD029F06AFC00BC087A /* Mabry Pro Bold.otf in Resources */ = {isa = PBXBuildFile; fileRef = 3CB00F9829F06AFC00BC087A /* Mabry Pro Bold.otf */; };
		3CB00FD129F06AFC00BC087A /* ElmaTrio-Light.ttf in Resources */ = {isa = PBXBuildFile; fileRef = 3CB00F9929F06AFC00BC087A /* ElmaTrio-Light.ttf */; };
		3CB00FD229F06AFC00BC087A /* CoFo_Sans-Black.ttf in Resources */ = {isa = PBXBuildFile; fileRef = 3CB00F9A29F06AFC00BC087A /* CoFo_Sans-Black.ttf */; };
		3CB00FD329F06AFC00BC087A /* ElmaTrio-ExtraLightItalic.ttf in Resources */ = {isa = PBXBuildFile; fileRef = 3CB00F9B29F06AFC00BC087A /* ElmaTrio-ExtraLightItalic.ttf */; };
		3CB00FD429F06AFC00BC087A /* ElmaMono-ExtraBoldItalic.ttf in Resources */ = {isa = PBXBuildFile; fileRef = 3CB00F9C29F06AFC00BC087A /* ElmaMono-ExtraBoldItalic.ttf */; };
		3CB00FD529F06AFC00BC087A /* Mabry Pro Black.otf in Resources */ = {isa = PBXBuildFile; fileRef = 3CB00F9D29F06AFC00BC087A /* Mabry Pro Black.otf */; };
		3CB00FD629F06AFC00BC087A /* ElmaMono-ExtraLightSlanted.ttf in Resources */ = {isa = PBXBuildFile; fileRef = 3CB00F9E29F06AFC00BC087A /* ElmaMono-ExtraLightSlanted.ttf */; };
		3CB00FD729F06AFC00BC087A /* MabryMonoPro-Regular.ttf in Resources */ = {isa = PBXBuildFile; fileRef = 3CB00F9F29F06AFC00BC087A /* MabryMonoPro-Regular.ttf */; };
		3CB00FD829F06AFC00BC087A /* KazimirText-Regular.otf in Resources */ = {isa = PBXBuildFile; fileRef = 3CB00FA029F06AFC00BC087A /* KazimirText-Regular.otf */; };
		3CB00FD929F06AFC00BC087A /* Mabry Pro Medium.otf in Resources */ = {isa = PBXBuildFile; fileRef = 3CB00FA129F06AFC00BC087A /* Mabry Pro Medium.otf */; };
		3CB00FDA29F06AFC00BC087A /* ElmaMono-ExtraLightItalic.ttf in Resources */ = {isa = PBXBuildFile; fileRef = 3CB00FA229F06AFC00BC087A /* ElmaMono-ExtraLightItalic.ttf */; };
		3CB00FDB29F06AFC00BC087A /* ElmaTrio-BoldSlanted.ttf in Resources */ = {isa = PBXBuildFile; fileRef = 3CB00FA329F06AFC00BC087A /* ElmaTrio-BoldSlanted.ttf */; };
		3CB00FDC29F06AFC00BC087A /* Visuelt Pro Medium.ttf in Resources */ = {isa = PBXBuildFile; fileRef = 3CB00FA429F06AFC00BC087A /* Visuelt Pro Medium.ttf */; };
		3CB00FDD29F06AFC00BC087A /* StyreneBLCApp-Medium.ttf in Resources */ = {isa = PBXBuildFile; fileRef = 3CB00FA529F06AFC00BC087A /* StyreneBLCApp-Medium.ttf */; };
		3CB00FDE29F06AFC00BC087A /* ElmaMono-ExtraBold.ttf in Resources */ = {isa = PBXBuildFile; fileRef = 3CB00FA629F06AFC00BC087A /* ElmaMono-ExtraBold.ttf */; };
		3CB00FDF29F06AFC00BC087A /* StyreneBLCApp-Regular.ttf in Resources */ = {isa = PBXBuildFile; fileRef = 3CB00FA729F06AFC00BC087A /* StyreneBLCApp-Regular.ttf */; };
		3CB00FE029F06AFC00BC087A /* Gramatika-Bold.ttf in Resources */ = {isa = PBXBuildFile; fileRef = 3CB00FA829F06AFC00BC087A /* Gramatika-Bold.ttf */; };
		3CB00FE129F06AFC00BC087A /* ElmaTrio-ExtraBoldSlanted.ttf in Resources */ = {isa = PBXBuildFile; fileRef = 3CB00FA929F06AFC00BC087A /* ElmaTrio-ExtraBoldSlanted.ttf */; };
		3CB00FE229F06AFC00BC087A /* ElmaTrio-RegularSlanted.ttf in Resources */ = {isa = PBXBuildFile; fileRef = 3CB00FAA29F06AFC00BC087A /* ElmaTrio-RegularSlanted.ttf */; };
		3CB00FE329F06AFC00BC087A /* ElmaTrio-ExtraBoldItalic.ttf in Resources */ = {isa = PBXBuildFile; fileRef = 3CB00FAB29F06AFC00BC087A /* ElmaTrio-ExtraBoldItalic.ttf */; };
		3CB00FE429F06AFC00BC087A /* ElmaMono-Regular.ttf in Resources */ = {isa = PBXBuildFile; fileRef = 3CB00FAC29F06AFC00BC087A /* ElmaMono-Regular.ttf */; };
		3CB00FE529F06AFC00BC087A /* MabryMonoPro-Medium.ttf in Resources */ = {isa = PBXBuildFile; fileRef = 3CB00FAD29F06AFC00BC087A /* MabryMonoPro-Medium.ttf */; };
		3CB00FE629F06AFC00BC087A /* ElmaMono-Bold.ttf in Resources */ = {isa = PBXBuildFile; fileRef = 3CB00FAE29F06AFC00BC087A /* ElmaMono-Bold.ttf */; };
		3CB00FE729F06AFC00BC087A /* ElmaTrio-LightItalic.ttf in Resources */ = {isa = PBXBuildFile; fileRef = 3CB00FAF29F06AFC00BC087A /* ElmaTrio-LightItalic.ttf */; };
		3CB00FE829F06AFC00BC087A /* CoFo_Sans-Regular.ttf in Resources */ = {isa = PBXBuildFile; fileRef = 3CB00FB029F06AFC00BC087A /* CoFo_Sans-Regular.ttf */; };
		3CB00FE929F06AFC00BC087A /* Visuelt Pro Regular.ttf in Resources */ = {isa = PBXBuildFile; fileRef = 3CB00FB129F06AFC00BC087A /* Visuelt Pro Regular.ttf */; };
		3CB00FEA29F06AFC00BC087A /* ElmaMono-ExtraBoldSlanted.ttf in Resources */ = {isa = PBXBuildFile; fileRef = 3CB00FB229F06AFC00BC087A /* ElmaMono-ExtraBoldSlanted.ttf */; };
		3CB00FEB29F06AFC00BC087A /* ElmaTrio-LightSlanted.ttf in Resources */ = {isa = PBXBuildFile; fileRef = 3CB00FB329F06AFC00BC087A /* ElmaTrio-LightSlanted.ttf */; };
		3CB00FEC29F06AFC00BC087A /* ElmaMono-BoldItalic.ttf in Resources */ = {isa = PBXBuildFile; fileRef = 3CB00FB429F06AFC00BC087A /* ElmaMono-BoldItalic.ttf */; };
		3CB00FED29F06AFC00BC087A /* CoFo_Sans-Bold.ttf in Resources */ = {isa = PBXBuildFile; fileRef = 3CB00FB529F06AFC00BC087A /* CoFo_Sans-Bold.ttf */; };
		3CB00FEE29F06AFC00BC087A /* ElmaMono-ExtraLight.ttf in Resources */ = {isa = PBXBuildFile; fileRef = 3CB00FB629F06AFC00BC087A /* ElmaMono-ExtraLight.ttf */; };
		3CB00FEF29F06AFC00BC087A /* ElmaTrio-Regular.ttf in Resources */ = {isa = PBXBuildFile; fileRef = 3CB00FB729F06AFC00BC087A /* ElmaTrio-Regular.ttf */; };
		3CB00FF029F06AFC00BC087A /* ElmaMono-RegularItalic.ttf in Resources */ = {isa = PBXBuildFile; fileRef = 3CB00FB829F06AFC00BC087A /* ElmaMono-RegularItalic.ttf */; };
		3CB00FF129F06AFC00BC087A /* ElmaMono-BoldSlanted.ttf in Resources */ = {isa = PBXBuildFile; fileRef = 3CB00FB929F06AFC00BC087A /* ElmaMono-BoldSlanted.ttf */; };
		3CB00FF229F06AFC00BC087A /* ElmaMono-Light.ttf in Resources */ = {isa = PBXBuildFile; fileRef = 3CB00FBA29F06AFC00BC087A /* ElmaMono-Light.ttf */; };
		3CB00FF329F06AFC00BC087A /* ElmaTrio-BoldItalic.ttf in Resources */ = {isa = PBXBuildFile; fileRef = 3CB00FBB29F06AFC00BC087A /* ElmaTrio-BoldItalic.ttf */; };
		3CB00FF429F06AFC00BC087A /* Grtsk-Giga-Medium.ttf in Resources */ = {isa = PBXBuildFile; fileRef = 3CB00FBC29F06AFC00BC087A /* Grtsk-Giga-Medium.ttf */; };
		3CB00FF529F06AFC00BC087A /* MabryMonoPro-Bold.ttf in Resources */ = {isa = PBXBuildFile; fileRef = 3CB00FBD29F06AFC00BC087A /* MabryMonoPro-Bold.ttf */; };
		3CB00FF629F06AFC00BC087A /* Grtsk-Giga-Regular.otf in Resources */ = {isa = PBXBuildFile; fileRef = 3CB00FBE29F06AFC00BC087A /* Grtsk-Giga-Regular.otf */; };
		3CB00FF729F06AFC00BC087A /* ElmaTrio-ExtraLight.ttf in Resources */ = {isa = PBXBuildFile; fileRef = 3CB00FBF29F06AFC00BC087A /* ElmaTrio-ExtraLight.ttf */; };
		3CB00FF829F06AFC00BC087A /* ElmaTrio-Bold.ttf in Resources */ = {isa = PBXBuildFile; fileRef = 3CB00FC029F06AFC00BC087A /* ElmaTrio-Bold.ttf */; };
		3CB00FF929F06AFC00BC087A /* Mabry Pro.otf in Resources */ = {isa = PBXBuildFile; fileRef = 3CB00FC129F06AFC00BC087A /* Mabry Pro.otf */; };
		3CB00FFA29F06AFC00BC087A /* Epos-Medium-App.ttf in Resources */ = {isa = PBXBuildFile; fileRef = 3CB00FC229F06AFC00BC087A /* Epos-Medium-App.ttf */; };
		3CB00FFB29F06AFC00BC087A /* GTPressuraPro-Regular.otf in Resources */ = {isa = PBXBuildFile; fileRef = 3CB00FC329F06AFC00BC087A /* GTPressuraPro-Regular.otf */; };
		3CB00FFC29F06AFC00BC087A /* CoFo_Sans-Medium.ttf in Resources */ = {isa = PBXBuildFile; fileRef = 3CB00FC429F06AFC00BC087A /* CoFo_Sans-Medium.ttf */; };
		3CB00FFD29F06AFC00BC087A /* ElmaMono-RegularSlanted.ttf in Resources */ = {isa = PBXBuildFile; fileRef = 3CB00FC529F06AFC00BC087A /* ElmaMono-RegularSlanted.ttf */; };
		3CB00FFE29F06AFC00BC087A /* ElmaTrio-ExtraBold.ttf in Resources */ = {isa = PBXBuildFile; fileRef = 3CB00FC629F06AFC00BC087A /* ElmaTrio-ExtraBold.ttf */; };
		3CB00FFF29F06AFC00BC087A /* GTPressuraMonoLC-Regular.otf in Resources */ = {isa = PBXBuildFile; fileRef = 3CB00FC729F06AFC00BC087A /* GTPressuraMonoLC-Regular.otf */; };
		3CB0100029F06AFC00BC087A /* Menoe Grotesque-Regular-Desktop.otf in Resources */ = {isa = PBXBuildFile; fileRef = 3CB00FC829F06AFC00BC087A /* Menoe Grotesque-Regular-Desktop.otf */; };
		3CB0100129F06AFC00BC087A /* MaregrapheCaption-Regular.ttf in Resources */ = {isa = PBXBuildFile; fileRef = 3CB00FC929F06AFC00BC087A /* MaregrapheCaption-Regular.ttf */; };
		3CB0100229F06AFC00BC087A /* ElmaMono-LightItalic.ttf in Resources */ = {isa = PBXBuildFile; fileRef = 3CB00FCA29F06AFC00BC087A /* ElmaMono-LightItalic.ttf */; };
		3CB0100329F06AFC00BC087A /* ElmaMono-LightSlanted.ttf in Resources */ = {isa = PBXBuildFile; fileRef = 3CB00FCB29F06AFC00BC087A /* ElmaMono-LightSlanted.ttf */; };
		3CB0100429F06AFC00BC087A /* Mabry Pro Light.otf in Resources */ = {isa = PBXBuildFile; fileRef = 3CB00FCC29F06AFC00BC087A /* Mabry Pro Light.otf */; };
		3CD743102A0E241700567CEB /* UIColor+NetworkAdapter.swift in Sources */ = {isa = PBXBuildFile; fileRef = 3CD7430F2A0E241700567CEB /* UIColor+NetworkAdapter.swift */; };
		3CD743122A0E246700567CEB /* URL+NetworkAdapter.swift in Sources */ = {isa = PBXBuildFile; fileRef = 3CD743112A0E246700567CEB /* URL+NetworkAdapter.swift */; };
/* End PBXBuildFile section */

/* Begin PBXFileReference section */
		3C3AFB7929EDCFB5008D0D46 /* MediaEditorSample.app */ = {isa = PBXFileReference; explicitFileType = wrapper.application; includeInIndex = 0; path = MediaEditorSample.app; sourceTree = BUILT_PRODUCTS_DIR; };
		3C3AFB7C29EDCFB5008D0D46 /* MediaEditorSampleApp.swift */ = {isa = PBXFileReference; lastKnownFileType = sourcecode.swift; path = MediaEditorSampleApp.swift; sourceTree = "<group>"; };
		3C3AFB7E29EDCFB5008D0D46 /* ContentView.swift */ = {isa = PBXFileReference; lastKnownFileType = sourcecode.swift; path = ContentView.swift; sourceTree = "<group>"; };
		3C3AFB8029EDCFB6008D0D46 /* Assets.xcassets */ = {isa = PBXFileReference; lastKnownFileType = folder.assetcatalog; path = Assets.xcassets; sourceTree = "<group>"; };
		3C3AFB8329EDCFB6008D0D46 /* Preview Assets.xcassets */ = {isa = PBXFileReference; lastKnownFileType = folder.assetcatalog; path = "Preview Assets.xcassets"; sourceTree = "<group>"; };
		3C3AFB9229EDD113008D0D46 /* VDEVMediaEditor */ = {isa = PBXFileReference; lastKnownFileType = wrapper; name = VDEVMediaEditor; path = ../..; sourceTree = "<group>"; };
		3C3AFB9829EDD206008D0D46 /* NetworkClient.swift */ = {isa = PBXFileReference; fileEncoding = 4; lastKnownFileType = sourcecode.swift; path = NetworkClient.swift; sourceTree = "<group>"; };
		3C3AFB9929EDD206008D0D46 /* getChallengeEditorFilter.gql */ = {isa = PBXFileReference; fileEncoding = 4; lastKnownFileType = text; path = getChallengeEditorFilter.gql; sourceTree = "<group>"; };
		3C3AFB9A29EDD206008D0D46 /* getChallengeStickerPacksFull.gql */ = {isa = PBXFileReference; fileEncoding = 4; lastKnownFileType = text; path = getChallengeStickerPacksFull.gql; sourceTree = "<group>"; };
		3C3AFB9B29EDD206008D0D46 /* JSON.swift */ = {isa = PBXFileReference; fileEncoding = 4; lastKnownFileType = sourcecode.swift; path = JSON.swift; sourceTree = "<group>"; };
		3C3AFB9C29EDD206008D0D46 /* getChallengeEditorTexturesFilters.gql */ = {isa = PBXFileReference; fileEncoding = 4; lastKnownFileType = text; path = getChallengeEditorTexturesFilters.gql; sourceTree = "<group>"; };
		3C3AFB9D29EDD206008D0D46 /* getChallengeEditorTemplates.gql */ = {isa = PBXFileReference; fileEncoding = 4; lastKnownFileType = text; path = getChallengeEditorTemplates.gql; sourceTree = "<group>"; };
		3C3AFB9E29EDD206008D0D46 /* Data+String.swift */ = {isa = PBXFileReference; fileEncoding = 4; lastKnownFileType = sourcecode.swift; path = "Data+String.swift"; sourceTree = "<group>"; };
		3C3AFB9F29EDD206008D0D46 /* getChallengeMeta.gql */ = {isa = PBXFileReference; fileEncoding = 4; lastKnownFileType = text; path = getChallengeMeta.gql; sourceTree = "<group>"; };
		3C3AFBA029EDD206008D0D46 /* UserCredsInterceptor.swift */ = {isa = PBXFileReference; fileEncoding = 4; lastKnownFileType = sourcecode.swift; path = UserCredsInterceptor.swift; sourceTree = "<group>"; };
		3C3AFBA129EDD206008D0D46 /* AppVersionInterceptor.swift */ = {isa = PBXFileReference; fileEncoding = 4; lastKnownFileType = sourcecode.swift; path = AppVersionInterceptor.swift; sourceTree = "<group>"; };
		3C3AFBA229EDD206008D0D46 /* Striong+Ex.swift */ = {isa = PBXFileReference; fileEncoding = 4; lastKnownFileType = sourcecode.swift; path = "Striong+Ex.swift"; sourceTree = "<group>"; };
		3C3AFBA329EDD207008D0D46 /* schema.json */ = {isa = PBXFileReference; fileEncoding = 4; lastKnownFileType = text.json; path = schema.json; sourceTree = "<group>"; };
		3C3AFBA429EDD207008D0D46 /* NetworkInterceptorProvider.swift */ = {isa = PBXFileReference; fileEncoding = 4; lastKnownFileType = sourcecode.swift; path = NetworkInterceptorProvider.swift; sourceTree = "<group>"; };
		3C3AFBA529EDD207008D0D46 /* API.swift */ = {isa = PBXFileReference; fileEncoding = 4; lastKnownFileType = sourcecode.swift; path = API.swift; sourceTree = "<group>"; };
		3C3AFBA629EDD207008D0D46 /* Apollo+async.swift */ = {isa = PBXFileReference; fileEncoding = 4; lastKnownFileType = sourcecode.swift; path = "Apollo+async.swift"; sourceTree = "<group>"; };
		3C3AFBA729EDD207008D0D46 /* getChallengeEditorMasksFilters.gql */ = {isa = PBXFileReference; fileEncoding = 4; lastKnownFileType = text; path = getChallengeEditorMasksFilters.gql; sourceTree = "<group>"; };
		3C3AFBA929EDD207008D0D46 /* FilePlistStorage.swift */ = {isa = PBXFileReference; fileEncoding = 4; lastKnownFileType = sourcecode.swift; path = FilePlistStorage.swift; sourceTree = "<group>"; };
		3C3AFBAA29EDD207008D0D46 /* NetworkAdapter.swift */ = {isa = PBXFileReference; fileEncoding = 4; lastKnownFileType = sourcecode.swift; path = NetworkAdapter.swift; sourceTree = "<group>"; };
		3C9E7D662A128F2D00C110C3 /* ExampleConfig.swift */ = {isa = PBXFileReference; lastKnownFileType = sourcecode.swift; path = ExampleConfig.swift; sourceTree = "<group>"; };
		3CB00F9529F06AFC00BC087A /* Poteha-Regular.otf */ = {isa = PBXFileReference; lastKnownFileType = file; path = "Poteha-Regular.otf"; sourceTree = "<group>"; };
		3CB00F9629F06AFC00BC087A /* ElmaTrio-RegularItalic.ttf */ = {isa = PBXFileReference; lastKnownFileType = file; path = "ElmaTrio-RegularItalic.ttf"; sourceTree = "<group>"; };
		3CB00F9729F06AFC00BC087A /* ElmaTrio-ExtraLightSlanted.ttf */ = {isa = PBXFileReference; lastKnownFileType = file; path = "ElmaTrio-ExtraLightSlanted.ttf"; sourceTree = "<group>"; };
		3CB00F9829F06AFC00BC087A /* Mabry Pro Bold.otf */ = {isa = PBXFileReference; lastKnownFileType = file; path = "Mabry Pro Bold.otf"; sourceTree = "<group>"; };
		3CB00F9929F06AFC00BC087A /* ElmaTrio-Light.ttf */ = {isa = PBXFileReference; lastKnownFileType = file; path = "ElmaTrio-Light.ttf"; sourceTree = "<group>"; };
		3CB00F9A29F06AFC00BC087A /* CoFo_Sans-Black.ttf */ = {isa = PBXFileReference; lastKnownFileType = file; path = "CoFo_Sans-Black.ttf"; sourceTree = "<group>"; };
		3CB00F9B29F06AFC00BC087A /* ElmaTrio-ExtraLightItalic.ttf */ = {isa = PBXFileReference; lastKnownFileType = file; path = "ElmaTrio-ExtraLightItalic.ttf"; sourceTree = "<group>"; };
		3CB00F9C29F06AFC00BC087A /* ElmaMono-ExtraBoldItalic.ttf */ = {isa = PBXFileReference; lastKnownFileType = file; path = "ElmaMono-ExtraBoldItalic.ttf"; sourceTree = "<group>"; };
		3CB00F9D29F06AFC00BC087A /* Mabry Pro Black.otf */ = {isa = PBXFileReference; lastKnownFileType = file; path = "Mabry Pro Black.otf"; sourceTree = "<group>"; };
		3CB00F9E29F06AFC00BC087A /* ElmaMono-ExtraLightSlanted.ttf */ = {isa = PBXFileReference; lastKnownFileType = file; path = "ElmaMono-ExtraLightSlanted.ttf"; sourceTree = "<group>"; };
		3CB00F9F29F06AFC00BC087A /* MabryMonoPro-Regular.ttf */ = {isa = PBXFileReference; lastKnownFileType = file; path = "MabryMonoPro-Regular.ttf"; sourceTree = "<group>"; };
		3CB00FA029F06AFC00BC087A /* KazimirText-Regular.otf */ = {isa = PBXFileReference; lastKnownFileType = file; path = "KazimirText-Regular.otf"; sourceTree = "<group>"; };
		3CB00FA129F06AFC00BC087A /* Mabry Pro Medium.otf */ = {isa = PBXFileReference; lastKnownFileType = file; path = "Mabry Pro Medium.otf"; sourceTree = "<group>"; };
		3CB00FA229F06AFC00BC087A /* ElmaMono-ExtraLightItalic.ttf */ = {isa = PBXFileReference; lastKnownFileType = file; path = "ElmaMono-ExtraLightItalic.ttf"; sourceTree = "<group>"; };
		3CB00FA329F06AFC00BC087A /* ElmaTrio-BoldSlanted.ttf */ = {isa = PBXFileReference; lastKnownFileType = file; path = "ElmaTrio-BoldSlanted.ttf"; sourceTree = "<group>"; };
		3CB00FA429F06AFC00BC087A /* Visuelt Pro Medium.ttf */ = {isa = PBXFileReference; lastKnownFileType = file; path = "Visuelt Pro Medium.ttf"; sourceTree = "<group>"; };
		3CB00FA529F06AFC00BC087A /* StyreneBLCApp-Medium.ttf */ = {isa = PBXFileReference; lastKnownFileType = file; path = "StyreneBLCApp-Medium.ttf"; sourceTree = "<group>"; };
		3CB00FA629F06AFC00BC087A /* ElmaMono-ExtraBold.ttf */ = {isa = PBXFileReference; lastKnownFileType = file; path = "ElmaMono-ExtraBold.ttf"; sourceTree = "<group>"; };
		3CB00FA729F06AFC00BC087A /* StyreneBLCApp-Regular.ttf */ = {isa = PBXFileReference; lastKnownFileType = file; path = "StyreneBLCApp-Regular.ttf"; sourceTree = "<group>"; };
		3CB00FA829F06AFC00BC087A /* Gramatika-Bold.ttf */ = {isa = PBXFileReference; lastKnownFileType = file; path = "Gramatika-Bold.ttf"; sourceTree = "<group>"; };
		3CB00FA929F06AFC00BC087A /* ElmaTrio-ExtraBoldSlanted.ttf */ = {isa = PBXFileReference; lastKnownFileType = file; path = "ElmaTrio-ExtraBoldSlanted.ttf"; sourceTree = "<group>"; };
		3CB00FAA29F06AFC00BC087A /* ElmaTrio-RegularSlanted.ttf */ = {isa = PBXFileReference; lastKnownFileType = file; path = "ElmaTrio-RegularSlanted.ttf"; sourceTree = "<group>"; };
		3CB00FAB29F06AFC00BC087A /* ElmaTrio-ExtraBoldItalic.ttf */ = {isa = PBXFileReference; lastKnownFileType = file; path = "ElmaTrio-ExtraBoldItalic.ttf"; sourceTree = "<group>"; };
		3CB00FAC29F06AFC00BC087A /* ElmaMono-Regular.ttf */ = {isa = PBXFileReference; lastKnownFileType = file; path = "ElmaMono-Regular.ttf"; sourceTree = "<group>"; };
		3CB00FAD29F06AFC00BC087A /* MabryMonoPro-Medium.ttf */ = {isa = PBXFileReference; lastKnownFileType = file; path = "MabryMonoPro-Medium.ttf"; sourceTree = "<group>"; };
		3CB00FAE29F06AFC00BC087A /* ElmaMono-Bold.ttf */ = {isa = PBXFileReference; lastKnownFileType = file; path = "ElmaMono-Bold.ttf"; sourceTree = "<group>"; };
		3CB00FAF29F06AFC00BC087A /* ElmaTrio-LightItalic.ttf */ = {isa = PBXFileReference; lastKnownFileType = file; path = "ElmaTrio-LightItalic.ttf"; sourceTree = "<group>"; };
		3CB00FB029F06AFC00BC087A /* CoFo_Sans-Regular.ttf */ = {isa = PBXFileReference; lastKnownFileType = file; path = "CoFo_Sans-Regular.ttf"; sourceTree = "<group>"; };
		3CB00FB129F06AFC00BC087A /* Visuelt Pro Regular.ttf */ = {isa = PBXFileReference; lastKnownFileType = file; path = "Visuelt Pro Regular.ttf"; sourceTree = "<group>"; };
		3CB00FB229F06AFC00BC087A /* ElmaMono-ExtraBoldSlanted.ttf */ = {isa = PBXFileReference; lastKnownFileType = file; path = "ElmaMono-ExtraBoldSlanted.ttf"; sourceTree = "<group>"; };
		3CB00FB329F06AFC00BC087A /* ElmaTrio-LightSlanted.ttf */ = {isa = PBXFileReference; lastKnownFileType = file; path = "ElmaTrio-LightSlanted.ttf"; sourceTree = "<group>"; };
		3CB00FB429F06AFC00BC087A /* ElmaMono-BoldItalic.ttf */ = {isa = PBXFileReference; lastKnownFileType = file; path = "ElmaMono-BoldItalic.ttf"; sourceTree = "<group>"; };
		3CB00FB529F06AFC00BC087A /* CoFo_Sans-Bold.ttf */ = {isa = PBXFileReference; lastKnownFileType = file; path = "CoFo_Sans-Bold.ttf"; sourceTree = "<group>"; };
		3CB00FB629F06AFC00BC087A /* ElmaMono-ExtraLight.ttf */ = {isa = PBXFileReference; lastKnownFileType = file; path = "ElmaMono-ExtraLight.ttf"; sourceTree = "<group>"; };
		3CB00FB729F06AFC00BC087A /* ElmaTrio-Regular.ttf */ = {isa = PBXFileReference; lastKnownFileType = file; path = "ElmaTrio-Regular.ttf"; sourceTree = "<group>"; };
		3CB00FB829F06AFC00BC087A /* ElmaMono-RegularItalic.ttf */ = {isa = PBXFileReference; lastKnownFileType = file; path = "ElmaMono-RegularItalic.ttf"; sourceTree = "<group>"; };
		3CB00FB929F06AFC00BC087A /* ElmaMono-BoldSlanted.ttf */ = {isa = PBXFileReference; lastKnownFileType = file; path = "ElmaMono-BoldSlanted.ttf"; sourceTree = "<group>"; };
		3CB00FBA29F06AFC00BC087A /* ElmaMono-Light.ttf */ = {isa = PBXFileReference; lastKnownFileType = file; path = "ElmaMono-Light.ttf"; sourceTree = "<group>"; };
		3CB00FBB29F06AFC00BC087A /* ElmaTrio-BoldItalic.ttf */ = {isa = PBXFileReference; lastKnownFileType = file; path = "ElmaTrio-BoldItalic.ttf"; sourceTree = "<group>"; };
		3CB00FBC29F06AFC00BC087A /* Grtsk-Giga-Medium.ttf */ = {isa = PBXFileReference; lastKnownFileType = file; path = "Grtsk-Giga-Medium.ttf"; sourceTree = "<group>"; };
		3CB00FBD29F06AFC00BC087A /* MabryMonoPro-Bold.ttf */ = {isa = PBXFileReference; lastKnownFileType = file; path = "MabryMonoPro-Bold.ttf"; sourceTree = "<group>"; };
		3CB00FBE29F06AFC00BC087A /* Grtsk-Giga-Regular.otf */ = {isa = PBXFileReference; lastKnownFileType = file; path = "Grtsk-Giga-Regular.otf"; sourceTree = "<group>"; };
		3CB00FBF29F06AFC00BC087A /* ElmaTrio-ExtraLight.ttf */ = {isa = PBXFileReference; lastKnownFileType = file; path = "ElmaTrio-ExtraLight.ttf"; sourceTree = "<group>"; };
		3CB00FC029F06AFC00BC087A /* ElmaTrio-Bold.ttf */ = {isa = PBXFileReference; lastKnownFileType = file; path = "ElmaTrio-Bold.ttf"; sourceTree = "<group>"; };
		3CB00FC129F06AFC00BC087A /* Mabry Pro.otf */ = {isa = PBXFileReference; lastKnownFileType = file; path = "Mabry Pro.otf"; sourceTree = "<group>"; };
		3CB00FC229F06AFC00BC087A /* Epos-Medium-App.ttf */ = {isa = PBXFileReference; lastKnownFileType = file; path = "Epos-Medium-App.ttf"; sourceTree = "<group>"; };
		3CB00FC329F06AFC00BC087A /* GTPressuraPro-Regular.otf */ = {isa = PBXFileReference; lastKnownFileType = file; path = "GTPressuraPro-Regular.otf"; sourceTree = "<group>"; };
		3CB00FC429F06AFC00BC087A /* CoFo_Sans-Medium.ttf */ = {isa = PBXFileReference; lastKnownFileType = file; path = "CoFo_Sans-Medium.ttf"; sourceTree = "<group>"; };
		3CB00FC529F06AFC00BC087A /* ElmaMono-RegularSlanted.ttf */ = {isa = PBXFileReference; lastKnownFileType = file; path = "ElmaMono-RegularSlanted.ttf"; sourceTree = "<group>"; };
		3CB00FC629F06AFC00BC087A /* ElmaTrio-ExtraBold.ttf */ = {isa = PBXFileReference; lastKnownFileType = file; path = "ElmaTrio-ExtraBold.ttf"; sourceTree = "<group>"; };
		3CB00FC729F06AFC00BC087A /* GTPressuraMonoLC-Regular.otf */ = {isa = PBXFileReference; lastKnownFileType = file; path = "GTPressuraMonoLC-Regular.otf"; sourceTree = "<group>"; };
		3CB00FC829F06AFC00BC087A /* Menoe Grotesque-Regular-Desktop.otf */ = {isa = PBXFileReference; lastKnownFileType = file; path = "Menoe Grotesque-Regular-Desktop.otf"; sourceTree = "<group>"; };
		3CB00FC929F06AFC00BC087A /* MaregrapheCaption-Regular.ttf */ = {isa = PBXFileReference; lastKnownFileType = file; path = "MaregrapheCaption-Regular.ttf"; sourceTree = "<group>"; };
		3CB00FCA29F06AFC00BC087A /* ElmaMono-LightItalic.ttf */ = {isa = PBXFileReference; lastKnownFileType = file; path = "ElmaMono-LightItalic.ttf"; sourceTree = "<group>"; };
		3CB00FCB29F06AFC00BC087A /* ElmaMono-LightSlanted.ttf */ = {isa = PBXFileReference; lastKnownFileType = file; path = "ElmaMono-LightSlanted.ttf"; sourceTree = "<group>"; };
		3CB00FCC29F06AFC00BC087A /* Mabry Pro Light.otf */ = {isa = PBXFileReference; lastKnownFileType = file; path = "Mabry Pro Light.otf"; sourceTree = "<group>"; };
		3CB0100529F06B8C00BC087A /* Info.plist */ = {isa = PBXFileReference; lastKnownFileType = text.plist; path = Info.plist; sourceTree = "<group>"; };
		3CD7430F2A0E241700567CEB /* UIColor+NetworkAdapter.swift */ = {isa = PBXFileReference; lastKnownFileType = sourcecode.swift; path = "UIColor+NetworkAdapter.swift"; sourceTree = "<group>"; };
		3CD743112A0E246700567CEB /* URL+NetworkAdapter.swift */ = {isa = PBXFileReference; lastKnownFileType = sourcecode.swift; path = "URL+NetworkAdapter.swift"; sourceTree = "<group>"; };
/* End PBXFileReference section */

/* Begin PBXFrameworksBuildPhase section */
		3C3AFB7629EDCFB5008D0D46 /* Frameworks */ = {
			isa = PBXFrameworksBuildPhase;
			buildActionMask = 2147483647;
			files = (
				3C3AFB8E29EDD028008D0D46 /* ApolloAPI in Frameworks */,
				3C02083A29F290C100535399 /* VDEVMediaEditor in Frameworks */,
				3C3AFB8C29EDD028008D0D46 /* Apollo in Frameworks */,
			);
			runOnlyForDeploymentPostprocessing = 0;
		};
/* End PBXFrameworksBuildPhase section */

/* Begin PBXGroup section */
		3C3AFB7029EDCFB5008D0D46 = {
			isa = PBXGroup;
			children = (
				3C3AFB9129EDD113008D0D46 /* Packages */,
				3C3AFB7B29EDCFB5008D0D46 /* MediaEditorSample */,
				3C3AFB7A29EDCFB5008D0D46 /* Products */,
				3C3AFB9329EDD1AE008D0D46 /* Frameworks */,
			);
			sourceTree = "<group>";
		};
		3C3AFB7A29EDCFB5008D0D46 /* Products */ = {
			isa = PBXGroup;
			children = (
				3C3AFB7929EDCFB5008D0D46 /* MediaEditorSample.app */,
			);
			name = Products;
			sourceTree = "<group>";
		};
		3C3AFB7B29EDCFB5008D0D46 /* MediaEditorSample */ = {
			isa = PBXGroup;
			children = (
				3CB0100529F06B8C00BC087A /* Info.plist */,
				3CB00F9429F06AFC00BC087A /* Fonts */,
				3C3AFB9629EDD206008D0D46 /* DataLayer */,
				3C3AFB7C29EDCFB5008D0D46 /* MediaEditorSampleApp.swift */,
				3C3AFB7E29EDCFB5008D0D46 /* ContentView.swift */,
				3C3AFB8029EDCFB6008D0D46 /* Assets.xcassets */,
				3C3AFB8229EDCFB6008D0D46 /* Preview Content */,
			);
			path = MediaEditorSample;
			sourceTree = "<group>";
		};
		3C3AFB8229EDCFB6008D0D46 /* Preview Content */ = {
			isa = PBXGroup;
			children = (
				3C3AFB8329EDCFB6008D0D46 /* Preview Assets.xcassets */,
			);
			path = "Preview Content";
			sourceTree = "<group>";
		};
		3C3AFB9129EDD113008D0D46 /* Packages */ = {
			isa = PBXGroup;
			children = (
				3C3AFB9229EDD113008D0D46 /* VDEVMediaEditor */,
			);
			name = Packages;
			sourceTree = "<group>";
		};
		3C3AFB9329EDD1AE008D0D46 /* Frameworks */ = {
			isa = PBXGroup;
			children = (
			);
			name = Frameworks;
			sourceTree = "<group>";
		};
		3C3AFB9629EDD206008D0D46 /* DataLayer */ = {
			isa = PBXGroup;
			children = (
				3C9E7D652A128F1E00C110C3 /* Config */,
				3C3AFB9729EDD206008D0D46 /* Network */,
				3C3AFBA829EDD207008D0D46 /* Utils */,
				3C3AFBAA29EDD207008D0D46 /* NetworkAdapter.swift */,
			);
			path = DataLayer;
			sourceTree = "<group>";
		};
		3C3AFB9729EDD206008D0D46 /* Network */ = {
			isa = PBXGroup;
			children = (
				3C3AFB9829EDD206008D0D46 /* NetworkClient.swift */,
				3C3AFB9929EDD206008D0D46 /* getChallengeEditorFilter.gql */,
				3C3AFB9A29EDD206008D0D46 /* getChallengeStickerPacksFull.gql */,
				3C3AFB9B29EDD206008D0D46 /* JSON.swift */,
				3C3AFB9C29EDD206008D0D46 /* getChallengeEditorTexturesFilters.gql */,
				3C3AFB9D29EDD206008D0D46 /* getChallengeEditorTemplates.gql */,
				3C3AFB9E29EDD206008D0D46 /* Data+String.swift */,
				3C3AFB9F29EDD206008D0D46 /* getChallengeMeta.gql */,
				3C3AFBA029EDD206008D0D46 /* UserCredsInterceptor.swift */,
				3C3AFBA129EDD206008D0D46 /* AppVersionInterceptor.swift */,
				3C3AFBA229EDD206008D0D46 /* Striong+Ex.swift */,
				3C3AFBA329EDD207008D0D46 /* schema.json */,
				3C3AFBA429EDD207008D0D46 /* NetworkInterceptorProvider.swift */,
				3C3AFBA529EDD207008D0D46 /* API.swift */,
				3C3AFBA629EDD207008D0D46 /* Apollo+async.swift */,
				3C3AFBA729EDD207008D0D46 /* getChallengeEditorMasksFilters.gql */,
			);
			path = Network;
			sourceTree = "<group>";
		};
		3C3AFBA829EDD207008D0D46 /* Utils */ = {
			isa = PBXGroup;
			children = (
				3C3AFBA929EDD207008D0D46 /* FilePlistStorage.swift */,
				3CD7430F2A0E241700567CEB /* UIColor+NetworkAdapter.swift */,
				3CD743112A0E246700567CEB /* URL+NetworkAdapter.swift */,
			);
			path = Utils;
			sourceTree = "<group>";
		};
		3C9E7D652A128F1E00C110C3 /* Config */ = {
			isa = PBXGroup;
			children = (
				3C9E7D662A128F2D00C110C3 /* ExampleConfig.swift */,
			);
			path = Config;
			sourceTree = "<group>";
		};
		3CB00F9429F06AFC00BC087A /* Fonts */ = {
			isa = PBXGroup;
			children = (
				3CB00F9529F06AFC00BC087A /* Poteha-Regular.otf */,
				3CB00F9629F06AFC00BC087A /* ElmaTrio-RegularItalic.ttf */,
				3CB00F9729F06AFC00BC087A /* ElmaTrio-ExtraLightSlanted.ttf */,
				3CB00F9829F06AFC00BC087A /* Mabry Pro Bold.otf */,
				3CB00F9929F06AFC00BC087A /* ElmaTrio-Light.ttf */,
				3CB00F9A29F06AFC00BC087A /* CoFo_Sans-Black.ttf */,
				3CB00F9B29F06AFC00BC087A /* ElmaTrio-ExtraLightItalic.ttf */,
				3CB00F9C29F06AFC00BC087A /* ElmaMono-ExtraBoldItalic.ttf */,
				3CB00F9D29F06AFC00BC087A /* Mabry Pro Black.otf */,
				3CB00F9E29F06AFC00BC087A /* ElmaMono-ExtraLightSlanted.ttf */,
				3CB00F9F29F06AFC00BC087A /* MabryMonoPro-Regular.ttf */,
				3CB00FA029F06AFC00BC087A /* KazimirText-Regular.otf */,
				3CB00FA129F06AFC00BC087A /* Mabry Pro Medium.otf */,
				3CB00FA229F06AFC00BC087A /* ElmaMono-ExtraLightItalic.ttf */,
				3CB00FA329F06AFC00BC087A /* ElmaTrio-BoldSlanted.ttf */,
				3CB00FA429F06AFC00BC087A /* Visuelt Pro Medium.ttf */,
				3CB00FA529F06AFC00BC087A /* StyreneBLCApp-Medium.ttf */,
				3CB00FA629F06AFC00BC087A /* ElmaMono-ExtraBold.ttf */,
				3CB00FA729F06AFC00BC087A /* StyreneBLCApp-Regular.ttf */,
				3CB00FA829F06AFC00BC087A /* Gramatika-Bold.ttf */,
				3CB00FA929F06AFC00BC087A /* ElmaTrio-ExtraBoldSlanted.ttf */,
				3CB00FAA29F06AFC00BC087A /* ElmaTrio-RegularSlanted.ttf */,
				3CB00FAB29F06AFC00BC087A /* ElmaTrio-ExtraBoldItalic.ttf */,
				3CB00FAC29F06AFC00BC087A /* ElmaMono-Regular.ttf */,
				3CB00FAD29F06AFC00BC087A /* MabryMonoPro-Medium.ttf */,
				3CB00FAE29F06AFC00BC087A /* ElmaMono-Bold.ttf */,
				3CB00FAF29F06AFC00BC087A /* ElmaTrio-LightItalic.ttf */,
				3CB00FB029F06AFC00BC087A /* CoFo_Sans-Regular.ttf */,
				3CB00FB129F06AFC00BC087A /* Visuelt Pro Regular.ttf */,
				3CB00FB229F06AFC00BC087A /* ElmaMono-ExtraBoldSlanted.ttf */,
				3CB00FB329F06AFC00BC087A /* ElmaTrio-LightSlanted.ttf */,
				3CB00FB429F06AFC00BC087A /* ElmaMono-BoldItalic.ttf */,
				3CB00FB529F06AFC00BC087A /* CoFo_Sans-Bold.ttf */,
				3CB00FB629F06AFC00BC087A /* ElmaMono-ExtraLight.ttf */,
				3CB00FB729F06AFC00BC087A /* ElmaTrio-Regular.ttf */,
				3CB00FB829F06AFC00BC087A /* ElmaMono-RegularItalic.ttf */,
				3CB00FB929F06AFC00BC087A /* ElmaMono-BoldSlanted.ttf */,
				3CB00FBA29F06AFC00BC087A /* ElmaMono-Light.ttf */,
				3CB00FBB29F06AFC00BC087A /* ElmaTrio-BoldItalic.ttf */,
				3CB00FBC29F06AFC00BC087A /* Grtsk-Giga-Medium.ttf */,
				3CB00FBD29F06AFC00BC087A /* MabryMonoPro-Bold.ttf */,
				3CB00FBE29F06AFC00BC087A /* Grtsk-Giga-Regular.otf */,
				3CB00FBF29F06AFC00BC087A /* ElmaTrio-ExtraLight.ttf */,
				3CB00FC029F06AFC00BC087A /* ElmaTrio-Bold.ttf */,
				3CB00FC129F06AFC00BC087A /* Mabry Pro.otf */,
				3CB00FC229F06AFC00BC087A /* Epos-Medium-App.ttf */,
				3CB00FC329F06AFC00BC087A /* GTPressuraPro-Regular.otf */,
				3CB00FC429F06AFC00BC087A /* CoFo_Sans-Medium.ttf */,
				3CB00FC529F06AFC00BC087A /* ElmaMono-RegularSlanted.ttf */,
				3CB00FC629F06AFC00BC087A /* ElmaTrio-ExtraBold.ttf */,
				3CB00FC729F06AFC00BC087A /* GTPressuraMonoLC-Regular.otf */,
				3CB00FC829F06AFC00BC087A /* Menoe Grotesque-Regular-Desktop.otf */,
				3CB00FC929F06AFC00BC087A /* MaregrapheCaption-Regular.ttf */,
				3CB00FCA29F06AFC00BC087A /* ElmaMono-LightItalic.ttf */,
				3CB00FCB29F06AFC00BC087A /* ElmaMono-LightSlanted.ttf */,
				3CB00FCC29F06AFC00BC087A /* Mabry Pro Light.otf */,
			);
			path = Fonts;
			sourceTree = "<group>";
		};
/* End PBXGroup section */

/* Begin PBXNativeTarget section */
		3C3AFB7829EDCFB5008D0D46 /* MediaEditorSample */ = {
			isa = PBXNativeTarget;
			buildConfigurationList = 3C3AFB8729EDCFB6008D0D46 /* Build configuration list for PBXNativeTarget "MediaEditorSample" */;
			buildPhases = (
				3C3AFB7529EDCFB5008D0D46 /* Sources */,
				3C3AFB7629EDCFB5008D0D46 /* Frameworks */,
				3C3AFB7729EDCFB5008D0D46 /* Resources */,
			);
			buildRules = (
			);
			dependencies = (
			);
			name = MediaEditorSample;
			packageProductDependencies = (
				3C3AFB8B29EDD028008D0D46 /* Apollo */,
				3C3AFB8D29EDD028008D0D46 /* ApolloAPI */,
				3C02083929F290C100535399 /* VDEVMediaEditor */,
			);
			productName = MediaEditorSample;
			productReference = 3C3AFB7929EDCFB5008D0D46 /* MediaEditorSample.app */;
			productType = "com.apple.product-type.application";
		};
/* End PBXNativeTarget section */

/* Begin PBXProject section */
		3C3AFB7129EDCFB5008D0D46 /* Project object */ = {
			isa = PBXProject;
			attributes = {
				BuildIndependentTargetsInParallel = 1;
				LastSwiftUpdateCheck = 1420;
				LastUpgradeCheck = 1420;
				TargetAttributes = {
					3C3AFB7829EDCFB5008D0D46 = {
						CreatedOnToolsVersion = 14.2;
					};
				};
			};
			buildConfigurationList = 3C3AFB7429EDCFB5008D0D46 /* Build configuration list for PBXProject "MediaEditorSample" */;
			compatibilityVersion = "Xcode 14.0";
			developmentRegion = en;
			hasScannedForEncodings = 0;
			knownRegions = (
				en,
				Base,
			);
			mainGroup = 3C3AFB7029EDCFB5008D0D46;
			packageReferences = (
				3C3AFB8A29EDD028008D0D46 /* XCRemoteSwiftPackageReference "apollo-ios" */,
			);
			productRefGroup = 3C3AFB7A29EDCFB5008D0D46 /* Products */;
			projectDirPath = "";
			projectRoot = "";
			targets = (
				3C3AFB7829EDCFB5008D0D46 /* MediaEditorSample */,
			);
		};
/* End PBXProject section */

/* Begin PBXResourcesBuildPhase section */
		3C3AFB7729EDCFB5008D0D46 /* Resources */ = {
			isa = PBXResourcesBuildPhase;
			buildActionMask = 2147483647;
			files = (
				3C3AFB8429EDCFB6008D0D46 /* Preview Assets.xcassets in Resources */,
				3C3AFBB229EDD207008D0D46 /* getChallengeMeta.gql in Resources */,
				3CB00FFF29F06AFC00BC087A /* GTPressuraMonoLC-Regular.otf in Resources */,
				3CB00FDB29F06AFC00BC087A /* ElmaTrio-BoldSlanted.ttf in Resources */,
				3CB00FEE29F06AFC00BC087A /* ElmaMono-ExtraLight.ttf in Resources */,
				3CB00FE129F06AFC00BC087A /* ElmaTrio-ExtraBoldSlanted.ttf in Resources */,
				3CB00FD229F06AFC00BC087A /* CoFo_Sans-Black.ttf in Resources */,
				3CB00FF229F06AFC00BC087A /* ElmaMono-Light.ttf in Resources */,
				3CB00FE029F06AFC00BC087A /* Gramatika-Bold.ttf in Resources */,
				3CB00FD629F06AFC00BC087A /* ElmaMono-ExtraLightSlanted.ttf in Resources */,
				3CB00FEF29F06AFC00BC087A /* ElmaTrio-Regular.ttf in Resources */,
				3CB00FD529F06AFC00BC087A /* Mabry Pro Black.otf in Resources */,
				3CB0100029F06AFC00BC087A /* Menoe Grotesque-Regular-Desktop.otf in Resources */,
				3CB00FD129F06AFC00BC087A /* ElmaTrio-Light.ttf in Resources */,
				3CB00FFE29F06AFC00BC087A /* ElmaTrio-ExtraBold.ttf in Resources */,
				3CB00FF529F06AFC00BC087A /* MabryMonoPro-Bold.ttf in Resources */,
				3CB00FF629F06AFC00BC087A /* Grtsk-Giga-Regular.otf in Resources */,
				3CB00FE629F06AFC00BC087A /* ElmaMono-Bold.ttf in Resources */,
				3CB00FEC29F06AFC00BC087A /* ElmaMono-BoldItalic.ttf in Resources */,
				3CB00FF429F06AFC00BC087A /* Grtsk-Giga-Medium.ttf in Resources */,
				3CB00FD029F06AFC00BC087A /* Mabry Pro Bold.otf in Resources */,
				3CB00FE429F06AFC00BC087A /* ElmaMono-Regular.ttf in Resources */,
				3CB00FE229F06AFC00BC087A /* ElmaTrio-RegularSlanted.ttf in Resources */,
				3CB00FDE29F06AFC00BC087A /* ElmaMono-ExtraBold.ttf in Resources */,
				3CB00FD329F06AFC00BC087A /* ElmaTrio-ExtraLightItalic.ttf in Resources */,
				3C3AFBAF29EDD207008D0D46 /* getChallengeEditorTexturesFilters.gql in Resources */,
				3CB0100429F06AFC00BC087A /* Mabry Pro Light.otf in Resources */,
				3CB0100229F06AFC00BC087A /* ElmaMono-LightItalic.ttf in Resources */,
				3CB0100129F06AFC00BC087A /* MaregrapheCaption-Regular.ttf in Resources */,
				3CB00FF329F06AFC00BC087A /* ElmaTrio-BoldItalic.ttf in Resources */,
				3CB0100329F06AFC00BC087A /* ElmaMono-LightSlanted.ttf in Resources */,
				3CB00FDA29F06AFC00BC087A /* ElmaMono-ExtraLightItalic.ttf in Resources */,
				3CB00FE529F06AFC00BC087A /* MabryMonoPro-Medium.ttf in Resources */,
				3CB00FEB29F06AFC00BC087A /* ElmaTrio-LightSlanted.ttf in Resources */,
				3CB00FDF29F06AFC00BC087A /* StyreneBLCApp-Regular.ttf in Resources */,
				3CB00FFA29F06AFC00BC087A /* Epos-Medium-App.ttf in Resources */,
				3CB00FF029F06AFC00BC087A /* ElmaMono-RegularItalic.ttf in Resources */,
				3C3AFB8129EDCFB6008D0D46 /* Assets.xcassets in Resources */,
				3CB00FF129F06AFC00BC087A /* ElmaMono-BoldSlanted.ttf in Resources */,
				3CB00FFB29F06AFC00BC087A /* GTPressuraPro-Regular.otf in Resources */,
				3C3AFBB629EDD207008D0D46 /* schema.json in Resources */,
				3C3AFBBA29EDD207008D0D46 /* getChallengeEditorMasksFilters.gql in Resources */,
				3C3AFBAD29EDD207008D0D46 /* getChallengeStickerPacksFull.gql in Resources */,
				3CB00FCF29F06AFC00BC087A /* ElmaTrio-ExtraLightSlanted.ttf in Resources */,
				3CB00FCD29F06AFC00BC087A /* Poteha-Regular.otf in Resources */,
				3CB00FD429F06AFC00BC087A /* ElmaMono-ExtraBoldItalic.ttf in Resources */,
				3CB00FEA29F06AFC00BC087A /* ElmaMono-ExtraBoldSlanted.ttf in Resources */,
				3CB00FF829F06AFC00BC087A /* ElmaTrio-Bold.ttf in Resources */,
				3CB00FFC29F06AFC00BC087A /* CoFo_Sans-Medium.ttf in Resources */,
				3CB00FD729F06AFC00BC087A /* MabryMonoPro-Regular.ttf in Resources */,
				3CB00FDC29F06AFC00BC087A /* Visuelt Pro Medium.ttf in Resources */,
				3CB00FE929F06AFC00BC087A /* Visuelt Pro Regular.ttf in Resources */,
				3CB00FFD29F06AFC00BC087A /* ElmaMono-RegularSlanted.ttf in Resources */,
				3CB00FDD29F06AFC00BC087A /* StyreneBLCApp-Medium.ttf in Resources */,
				3CB00FCE29F06AFC00BC087A /* ElmaTrio-RegularItalic.ttf in Resources */,
				3CB00FF929F06AFC00BC087A /* Mabry Pro.otf in Resources */,
				3CB00FD929F06AFC00BC087A /* Mabry Pro Medium.otf in Resources */,
				3CB00FD829F06AFC00BC087A /* KazimirText-Regular.otf in Resources */,
				3CB00FF729F06AFC00BC087A /* ElmaTrio-ExtraLight.ttf in Resources */,
				3CB00FE729F06AFC00BC087A /* ElmaTrio-LightItalic.ttf in Resources */,
				3CB00FE329F06AFC00BC087A /* ElmaTrio-ExtraBoldItalic.ttf in Resources */,
				3C3AFBB029EDD207008D0D46 /* getChallengeEditorTemplates.gql in Resources */,
				3CB00FED29F06AFC00BC087A /* CoFo_Sans-Bold.ttf in Resources */,
				3C3AFBAC29EDD207008D0D46 /* getChallengeEditorFilter.gql in Resources */,
				3CB00FE829F06AFC00BC087A /* CoFo_Sans-Regular.ttf in Resources */,
			);
			runOnlyForDeploymentPostprocessing = 0;
		};
/* End PBXResourcesBuildPhase section */

/* Begin PBXSourcesBuildPhase section */
		3C3AFB7529EDCFB5008D0D46 /* Sources */ = {
			isa = PBXSourcesBuildPhase;
			buildActionMask = 2147483647;
			files = (
				3C9E7D672A128F2D00C110C3 /* ExampleConfig.swift in Sources */,
				3CD743122A0E246700567CEB /* URL+NetworkAdapter.swift in Sources */,
				3C3AFBB929EDD207008D0D46 /* Apollo+async.swift in Sources */,
				3C3AFB7F29EDCFB5008D0D46 /* ContentView.swift in Sources */,
				3C3AFBBC29EDD207008D0D46 /* NetworkAdapter.swift in Sources */,
				3C3AFBB529EDD207008D0D46 /* Striong+Ex.swift in Sources */,
				3C3AFB7D29EDCFB5008D0D46 /* MediaEditorSampleApp.swift in Sources */,
				3C3AFBB729EDD207008D0D46 /* NetworkInterceptorProvider.swift in Sources */,
				3C3AFBB829EDD207008D0D46 /* API.swift in Sources */,
				3C3AFBB129EDD207008D0D46 /* Data+String.swift in Sources */,
				3C3AFBAB29EDD207008D0D46 /* NetworkClient.swift in Sources */,
				3C3AFBB329EDD207008D0D46 /* UserCredsInterceptor.swift in Sources */,
				3CD743102A0E241700567CEB /* UIColor+NetworkAdapter.swift in Sources */,
				3C3AFBAE29EDD207008D0D46 /* JSON.swift in Sources */,
				3C3AFBBB29EDD207008D0D46 /* FilePlistStorage.swift in Sources */,
				3C3AFBB429EDD207008D0D46 /* AppVersionInterceptor.swift in Sources */,
			);
			runOnlyForDeploymentPostprocessing = 0;
		};
/* End PBXSourcesBuildPhase section */

/* Begin XCBuildConfiguration section */
		3C3AFB8529EDCFB6008D0D46 /* Debug */ = {
			isa = XCBuildConfiguration;
			buildSettings = {
				ALWAYS_SEARCH_USER_PATHS = NO;
				CLANG_ANALYZER_NONNULL = YES;
				CLANG_ANALYZER_NUMBER_OBJECT_CONVERSION = YES_AGGRESSIVE;
				CLANG_CXX_LANGUAGE_STANDARD = "gnu++20";
				CLANG_ENABLE_MODULES = YES;
				CLANG_ENABLE_OBJC_ARC = YES;
				CLANG_ENABLE_OBJC_WEAK = YES;
				CLANG_WARN_BLOCK_CAPTURE_AUTORELEASING = YES;
				CLANG_WARN_BOOL_CONVERSION = YES;
				CLANG_WARN_COMMA = YES;
				CLANG_WARN_CONSTANT_CONVERSION = YES;
				CLANG_WARN_DEPRECATED_OBJC_IMPLEMENTATIONS = YES;
				CLANG_WARN_DIRECT_OBJC_ISA_USAGE = YES_ERROR;
				CLANG_WARN_DOCUMENTATION_COMMENTS = YES;
				CLANG_WARN_EMPTY_BODY = YES;
				CLANG_WARN_ENUM_CONVERSION = YES;
				CLANG_WARN_INFINITE_RECURSION = YES;
				CLANG_WARN_INT_CONVERSION = YES;
				CLANG_WARN_NON_LITERAL_NULL_CONVERSION = YES;
				CLANG_WARN_OBJC_IMPLICIT_RETAIN_SELF = YES;
				CLANG_WARN_OBJC_LITERAL_CONVERSION = YES;
				CLANG_WARN_OBJC_ROOT_CLASS = YES_ERROR;
				CLANG_WARN_QUOTED_INCLUDE_IN_FRAMEWORK_HEADER = YES;
				CLANG_WARN_RANGE_LOOP_ANALYSIS = YES;
				CLANG_WARN_STRICT_PROTOTYPES = YES;
				CLANG_WARN_SUSPICIOUS_MOVE = YES;
				CLANG_WARN_UNGUARDED_AVAILABILITY = YES_AGGRESSIVE;
				CLANG_WARN_UNREACHABLE_CODE = YES;
				CLANG_WARN__DUPLICATE_METHOD_MATCH = YES;
				COPY_PHASE_STRIP = NO;
				DEBUG_INFORMATION_FORMAT = dwarf;
				ENABLE_STRICT_OBJC_MSGSEND = YES;
				ENABLE_TESTABILITY = YES;
				GCC_C_LANGUAGE_STANDARD = gnu11;
				GCC_DYNAMIC_NO_PIC = NO;
				GCC_NO_COMMON_BLOCKS = YES;
				GCC_OPTIMIZATION_LEVEL = 0;
				GCC_PREPROCESSOR_DEFINITIONS = (
					"DEBUG=1",
					"$(inherited)",
				);
				GCC_WARN_64_TO_32_BIT_CONVERSION = YES;
				GCC_WARN_ABOUT_RETURN_TYPE = YES_ERROR;
				GCC_WARN_UNDECLARED_SELECTOR = YES;
				GCC_WARN_UNINITIALIZED_AUTOS = YES_AGGRESSIVE;
				GCC_WARN_UNUSED_FUNCTION = YES;
				GCC_WARN_UNUSED_VARIABLE = YES;
				IPHONEOS_DEPLOYMENT_TARGET = 16.2;
				MTL_ENABLE_DEBUG_INFO = INCLUDE_SOURCE;
				MTL_FAST_MATH = YES;
				ONLY_ACTIVE_ARCH = YES;
				SDKROOT = iphoneos;
				SWIFT_ACTIVE_COMPILATION_CONDITIONS = DEBUG;
				SWIFT_OPTIMIZATION_LEVEL = "-Onone";
			};
			name = Debug;
		};
		3C3AFB8629EDCFB6008D0D46 /* Release */ = {
			isa = XCBuildConfiguration;
			buildSettings = {
				ALWAYS_SEARCH_USER_PATHS = NO;
				CLANG_ANALYZER_NONNULL = YES;
				CLANG_ANALYZER_NUMBER_OBJECT_CONVERSION = YES_AGGRESSIVE;
				CLANG_CXX_LANGUAGE_STANDARD = "gnu++20";
				CLANG_ENABLE_MODULES = YES;
				CLANG_ENABLE_OBJC_ARC = YES;
				CLANG_ENABLE_OBJC_WEAK = YES;
				CLANG_WARN_BLOCK_CAPTURE_AUTORELEASING = YES;
				CLANG_WARN_BOOL_CONVERSION = YES;
				CLANG_WARN_COMMA = YES;
				CLANG_WARN_CONSTANT_CONVERSION = YES;
				CLANG_WARN_DEPRECATED_OBJC_IMPLEMENTATIONS = YES;
				CLANG_WARN_DIRECT_OBJC_ISA_USAGE = YES_ERROR;
				CLANG_WARN_DOCUMENTATION_COMMENTS = YES;
				CLANG_WARN_EMPTY_BODY = YES;
				CLANG_WARN_ENUM_CONVERSION = YES;
				CLANG_WARN_INFINITE_RECURSION = YES;
				CLANG_WARN_INT_CONVERSION = YES;
				CLANG_WARN_NON_LITERAL_NULL_CONVERSION = YES;
				CLANG_WARN_OBJC_IMPLICIT_RETAIN_SELF = YES;
				CLANG_WARN_OBJC_LITERAL_CONVERSION = YES;
				CLANG_WARN_OBJC_ROOT_CLASS = YES_ERROR;
				CLANG_WARN_QUOTED_INCLUDE_IN_FRAMEWORK_HEADER = YES;
				CLANG_WARN_RANGE_LOOP_ANALYSIS = YES;
				CLANG_WARN_STRICT_PROTOTYPES = YES;
				CLANG_WARN_SUSPICIOUS_MOVE = YES;
				CLANG_WARN_UNGUARDED_AVAILABILITY = YES_AGGRESSIVE;
				CLANG_WARN_UNREACHABLE_CODE = YES;
				CLANG_WARN__DUPLICATE_METHOD_MATCH = YES;
				COPY_PHASE_STRIP = NO;
				DEBUG_INFORMATION_FORMAT = "dwarf-with-dsym";
				ENABLE_NS_ASSERTIONS = NO;
				ENABLE_STRICT_OBJC_MSGSEND = YES;
				GCC_C_LANGUAGE_STANDARD = gnu11;
				GCC_NO_COMMON_BLOCKS = YES;
				GCC_WARN_64_TO_32_BIT_CONVERSION = YES;
				GCC_WARN_ABOUT_RETURN_TYPE = YES_ERROR;
				GCC_WARN_UNDECLARED_SELECTOR = YES;
				GCC_WARN_UNINITIALIZED_AUTOS = YES_AGGRESSIVE;
				GCC_WARN_UNUSED_FUNCTION = YES;
				GCC_WARN_UNUSED_VARIABLE = YES;
				IPHONEOS_DEPLOYMENT_TARGET = 16.2;
				MTL_ENABLE_DEBUG_INFO = NO;
				MTL_FAST_MATH = YES;
				SDKROOT = iphoneos;
				SWIFT_COMPILATION_MODE = wholemodule;
				SWIFT_OPTIMIZATION_LEVEL = "-O";
				VALIDATE_PRODUCT = YES;
			};
			name = Release;
		};
		3C3AFB8829EDCFB6008D0D46 /* Debug */ = {
			isa = XCBuildConfiguration;
			buildSettings = {
				ASSETCATALOG_COMPILER_APPICON_NAME = AppIcon;
				ASSETCATALOG_COMPILER_GLOBAL_ACCENT_COLOR_NAME = AccentColor;
				CODE_SIGN_IDENTITY = "Apple Development";
				CODE_SIGN_STYLE = Automatic;
				CURRENT_PROJECT_VERSION = 1;
				DEVELOPMENT_ASSET_PATHS = "\"MediaEditorSample/Preview Content\"";
				DEVELOPMENT_TEAM = ED5577XBKG;
				ENABLE_PREVIEWS = YES;
				GENERATE_INFOPLIST_FILE = YES;
				INFOPLIST_FILE = MediaEditorSample/Info.plist;
				INFOPLIST_KEY_NSCameraUsageDescription = "Grant access to camera to be able to take photos and videos";
				INFOPLIST_KEY_NSMicrophoneUsageDescription = "Grant access to microphone to be able to take videos";
				INFOPLIST_KEY_NSPhotoLibraryUsageDescription = "Grant access to photo library to be able to select photos";
				INFOPLIST_KEY_UIApplicationSceneManifest_Generation = YES;
				INFOPLIST_KEY_UIApplicationSupportsIndirectInputEvents = YES;
				INFOPLIST_KEY_UILaunchScreen_Generation = YES;
				INFOPLIST_KEY_UIRequiresFullScreen = YES;
				INFOPLIST_KEY_UIStatusBarHidden = YES;
				INFOPLIST_KEY_UIStatusBarStyle = UIStatusBarStyleDarkContent;
				INFOPLIST_KEY_UISupportedInterfaceOrientations = "UIInterfaceOrientationPortrait UIInterfaceOrientationPortraitUpsideDown";
				IPHONEOS_DEPLOYMENT_TARGET = 15.0;
				LD_RUNPATH_SEARCH_PATHS = (
					"$(inherited)",
					"@executable_path/Frameworks",
				);
				MARKETING_VERSION = 1.0;
				PRODUCT_BUNDLE_IDENTIFIER = vdev.test.editor.com.MediaEditorSample;
				PRODUCT_NAME = "$(TARGET_NAME)";
				PROVISIONING_PROFILE_SPECIFIER = "";
				SWIFT_EMIT_LOC_STRINGS = YES;
				SWIFT_VERSION = 5.0;
				TARGETED_DEVICE_FAMILY = "1,2";
			};
			name = Debug;
		};
		3C3AFB8929EDCFB6008D0D46 /* Release */ = {
			isa = XCBuildConfiguration;
			buildSettings = {
				ASSETCATALOG_COMPILER_APPICON_NAME = AppIcon;
				ASSETCATALOG_COMPILER_GLOBAL_ACCENT_COLOR_NAME = AccentColor;
				CODE_SIGN_IDENTITY = "Apple Development";
				CODE_SIGN_STYLE = Automatic;
				CURRENT_PROJECT_VERSION = 1;
				DEVELOPMENT_ASSET_PATHS = "\"MediaEditorSample/Preview Content\"";
				DEVELOPMENT_TEAM = ED5577XBKG;
				ENABLE_PREVIEWS = YES;
				GENERATE_INFOPLIST_FILE = YES;
				INFOPLIST_FILE = MediaEditorSample/Info.plist;
				INFOPLIST_KEY_NSCameraUsageDescription = "Grant access to camera to be able to take photos and videos";
				INFOPLIST_KEY_NSMicrophoneUsageDescription = "Grant access to microphone to be able to take videos";
				INFOPLIST_KEY_NSPhotoLibraryUsageDescription = "Grant access to photo library to be able to select photos";
				INFOPLIST_KEY_UIApplicationSceneManifest_Generation = YES;
				INFOPLIST_KEY_UIApplicationSupportsIndirectInputEvents = YES;
				INFOPLIST_KEY_UILaunchScreen_Generation = YES;
				INFOPLIST_KEY_UIRequiresFullScreen = YES;
				INFOPLIST_KEY_UIStatusBarHidden = YES;
				INFOPLIST_KEY_UIStatusBarStyle = UIStatusBarStyleDarkContent;
				INFOPLIST_KEY_UISupportedInterfaceOrientations = "UIInterfaceOrientationPortrait UIInterfaceOrientationPortraitUpsideDown";
				IPHONEOS_DEPLOYMENT_TARGET = 15.0;
				LD_RUNPATH_SEARCH_PATHS = (
					"$(inherited)",
					"@executable_path/Frameworks",
				);
				MARKETING_VERSION = 1.0;
				PRODUCT_BUNDLE_IDENTIFIER = vdev.test.editor.com.MediaEditorSample;
				PRODUCT_NAME = "$(TARGET_NAME)";
				PROVISIONING_PROFILE_SPECIFIER = "";
				SWIFT_EMIT_LOC_STRINGS = YES;
				SWIFT_VERSION = 5.0;
				TARGETED_DEVICE_FAMILY = "1,2";
			};
			name = Release;
		};
/* End XCBuildConfiguration section */

/* Begin XCConfigurationList section */
		3C3AFB7429EDCFB5008D0D46 /* Build configuration list for PBXProject "MediaEditorSample" */ = {
			isa = XCConfigurationList;
			buildConfigurations = (
				3C3AFB8529EDCFB6008D0D46 /* Debug */,
				3C3AFB8629EDCFB6008D0D46 /* Release */,
			);
			defaultConfigurationIsVisible = 0;
			defaultConfigurationName = Release;
		};
		3C3AFB8729EDCFB6008D0D46 /* Build configuration list for PBXNativeTarget "MediaEditorSample" */ = {
			isa = XCConfigurationList;
			buildConfigurations = (
				3C3AFB8829EDCFB6008D0D46 /* Debug */,
				3C3AFB8929EDCFB6008D0D46 /* Release */,
			);
			defaultConfigurationIsVisible = 0;
			defaultConfigurationName = Release;
		};
/* End XCConfigurationList section */

/* Begin XCRemoteSwiftPackageReference section */
		3C3AFB8A29EDD028008D0D46 /* XCRemoteSwiftPackageReference "apollo-ios" */ = {
			isa = XCRemoteSwiftPackageReference;
			repositoryURL = "https://github.com/apollographql/apollo-ios.git";
			requirement = {
				kind = exactVersion;
				version = 0.51.2;
			};
		};
/* End XCRemoteSwiftPackageReference section */

/* Begin XCSwiftPackageProductDependency section */
		3C02083929F290C100535399 /* VDEVMediaEditor */ = {
			isa = XCSwiftPackageProductDependency;
			productName = VDEVMediaEditor;
		};
		3C3AFB8B29EDD028008D0D46 /* Apollo */ = {
			isa = XCSwiftPackageProductDependency;
			package = 3C3AFB8A29EDD028008D0D46 /* XCRemoteSwiftPackageReference "apollo-ios" */;
			productName = Apollo;
		};
		3C3AFB8D29EDD028008D0D46 /* ApolloAPI */ = {
			isa = XCSwiftPackageProductDependency;
			package = 3C3AFB8A29EDD028008D0D46 /* XCRemoteSwiftPackageReference "apollo-ios" */;
			productName = ApolloAPI;
		};
/* End XCSwiftPackageProductDependency section */
	};
	rootObject = 3C3AFB7129EDCFB5008D0D46 /* Project object */;
}
